// !$*UTF8*$!
{
	archiveVersion = 1;
	classes = {
	};
	objectVersion = 51;
	objects = {

/* Begin PBXBuildFile section */
		3113E038CAB475BCC980096C /* Pods_Todoey.framework in Frameworks */ = {isa = PBXBuildFile; fileRef = 25BA086C6A5A63DEB1EAAAC6 /* Pods_Todoey.framework */; };
		8C67D43622D5CBC500FBA3C9 /* AppDelegate.swift in Sources */ = {isa = PBXBuildFile; fileRef = 8C67D43522D5CBC500FBA3C9 /* AppDelegate.swift */; };
		8C67D43822D5CBC500FBA3C9 /* ViewController.swift in Sources */ = {isa = PBXBuildFile; fileRef = 8C67D43722D5CBC500FBA3C9 /* ViewController.swift */; };
		8C67D43B22D5CBC500FBA3C9 /* Main.storyboard in Resources */ = {isa = PBXBuildFile; fileRef = 8C67D43922D5CBC500FBA3C9 /* Main.storyboard */; };
		8C67D43D22D5CBC600FBA3C9 /* Assets.xcassets in Resources */ = {isa = PBXBuildFile; fileRef = 8C67D43C22D5CBC600FBA3C9 /* Assets.xcassets */; };
		8C67D44022D5CBC600FBA3C9 /* LaunchScreen.storyboard in Resources */ = {isa = PBXBuildFile; fileRef = 8C67D43E22D5CBC600FBA3C9 /* LaunchScreen.storyboard */; };
		8C67D44822D5FCF400FBA3C9 /* Item.swift in Sources */ = {isa = PBXBuildFile; fileRef = 8C67D44722D5FCF400FBA3C9 /* Item.swift */; };
		8C67D47322D6135400FBA3C9 /* DataModel.xcdatamodeld in Sources */ = {isa = PBXBuildFile; fileRef = 8C67D47122D6135400FBA3C9 /* DataModel.xcdatamodeld */; };
		8C67D47522D7AD4800FBA3C9 /* CategoryViewController.swift in Sources */ = {isa = PBXBuildFile; fileRef = 8C67D47422D7AD4800FBA3C9 /* CategoryViewController.swift */; };
		8C67D47722D7C0EB00FBA3C9 /* Data.swift in Sources */ = {isa = PBXBuildFile; fileRef = 8C67D47622D7C0EB00FBA3C9 /* Data.swift */; };
		8C67D47922D882F700FBA3C9 /* RCategory.swift in Sources */ = {isa = PBXBuildFile; fileRef = 8C67D47822D882F700FBA3C9 /* RCategory.swift */; };
		8C67D47B22D8830400FBA3C9 /* RItem.swift in Sources */ = {isa = PBXBuildFile; fileRef = 8C67D47A22D8830400FBA3C9 /* RItem.swift */; };
		8C67D47D22D8C22800FBA3C9 /* SwipeTableViewController.swift in Sources */ = {isa = PBXBuildFile; fileRef = 8C67D47C22D8C22800FBA3C9 /* SwipeTableViewController.swift */; };
/* End PBXBuildFile section */

/* Begin PBXFileReference section */
		25BA086C6A5A63DEB1EAAAC6 /* Pods_Todoey.framework */ = {isa = PBXFileReference; explicitFileType = wrapper.framework; includeInIndex = 0; path = Pods_Todoey.framework; sourceTree = BUILT_PRODUCTS_DIR; };
		8C67D43222D5CBC500FBA3C9 /* Todoey.app */ = {isa = PBXFileReference; explicitFileType = wrapper.application; includeInIndex = 0; path = Todoey.app; sourceTree = BUILT_PRODUCTS_DIR; };
		8C67D43522D5CBC500FBA3C9 /* AppDelegate.swift */ = {isa = PBXFileReference; lastKnownFileType = sourcecode.swift; path = AppDelegate.swift; sourceTree = "<group>"; };
		8C67D43722D5CBC500FBA3C9 /* ViewController.swift */ = {isa = PBXFileReference; lastKnownFileType = sourcecode.swift; path = ViewController.swift; sourceTree = "<group>"; };
		8C67D43A22D5CBC500FBA3C9 /* Base */ = {isa = PBXFileReference; lastKnownFileType = file.storyboard; name = Base; path = Base.lproj/Main.storyboard; sourceTree = "<group>"; };
		8C67D43C22D5CBC600FBA3C9 /* Assets.xcassets */ = {isa = PBXFileReference; lastKnownFileType = folder.assetcatalog; path = Assets.xcassets; sourceTree = "<group>"; };
		8C67D43F22D5CBC600FBA3C9 /* Base */ = {isa = PBXFileReference; lastKnownFileType = file.storyboard; name = Base; path = Base.lproj/LaunchScreen.storyboard; sourceTree = "<group>"; };
		8C67D44122D5CBC600FBA3C9 /* Info.plist */ = {isa = PBXFileReference; lastKnownFileType = text.plist.xml; path = Info.plist; sourceTree = "<group>"; };
		8C67D44722D5FCF400FBA3C9 /* Item.swift */ = {isa = PBXFileReference; lastKnownFileType = sourcecode.swift; path = Item.swift; sourceTree = "<group>"; };
		8C67D47222D6135400FBA3C9 /* DataModel.xcdatamodel */ = {isa = PBXFileReference; lastKnownFileType = wrapper.xcdatamodel; path = DataModel.xcdatamodel; sourceTree = "<group>"; };
		8C67D47422D7AD4800FBA3C9 /* CategoryViewController.swift */ = {isa = PBXFileReference; lastKnownFileType = sourcecode.swift; path = CategoryViewController.swift; sourceTree = "<group>"; };
		8C67D47622D7C0EB00FBA3C9 /* Data.swift */ = {isa = PBXFileReference; lastKnownFileType = sourcecode.swift; path = Data.swift; sourceTree = "<group>"; };
		8C67D47822D882F700FBA3C9 /* RCategory.swift */ = {isa = PBXFileReference; lastKnownFileType = sourcecode.swift; path = RCategory.swift; sourceTree = "<group>"; };
		8C67D47A22D8830400FBA3C9 /* RItem.swift */ = {isa = PBXFileReference; lastKnownFileType = sourcecode.swift; path = RItem.swift; sourceTree = "<group>"; };
		8C67D47C22D8C22800FBA3C9 /* SwipeTableViewController.swift */ = {isa = PBXFileReference; lastKnownFileType = sourcecode.swift; path = SwipeTableViewController.swift; sourceTree = "<group>"; };
		A355D7DB1AED7AA7D599DC44 /* Pods-Todoey.release.xcconfig */ = {isa = PBXFileReference; includeInIndex = 1; lastKnownFileType = text.xcconfig; name = "Pods-Todoey.release.xcconfig"; path = "Target Support Files/Pods-Todoey/Pods-Todoey.release.xcconfig"; sourceTree = "<group>"; };
		C6C5741FE5B6497326963CDB /* Pods-Todoey.debug.xcconfig */ = {isa = PBXFileReference; includeInIndex = 1; lastKnownFileType = text.xcconfig; name = "Pods-Todoey.debug.xcconfig"; path = "Target Support Files/Pods-Todoey/Pods-Todoey.debug.xcconfig"; sourceTree = "<group>"; };
/* End PBXFileReference section */

/* Begin PBXFrameworksBuildPhase section */
		8C67D42F22D5CBC500FBA3C9 /* Frameworks */ = {
			isa = PBXFrameworksBuildPhase;
			buildActionMask = 2147483647;
			files = (
				3113E038CAB475BCC980096C /* Pods_Todoey.framework in Frameworks */,
			);
			runOnlyForDeploymentPostprocessing = 0;
		};
/* End PBXFrameworksBuildPhase section */

/* Begin PBXGroup section */
		8C67D42922D5CBC500FBA3C9 = {
			isa = PBXGroup;
			children = (
				8C67D43422D5CBC500FBA3C9 /* Todoey */,
				8C67D43322D5CBC500FBA3C9 /* Products */,
				FDBDEDDF069005DB6A8CC597 /* Pods */,
				F57C902E844EA3FCFBDBBE07 /* Frameworks */,
			);
			sourceTree = "<group>";
		};
		8C67D43322D5CBC500FBA3C9 /* Products */ = {
			isa = PBXGroup;
			children = (
				8C67D43222D5CBC500FBA3C9 /* Todoey.app */,
			);
			name = Products;
			sourceTree = "<group>";
		};
		8C67D43422D5CBC500FBA3C9 /* Todoey */ = {
			isa = PBXGroup;
			children = (
				8C67D43522D5CBC500FBA3C9 /* AppDelegate.swift */,
				8C67D44B22D5FD1C00FBA3C9 /* Controllers */,
				8C67D44922D5FD0100FBA3C9 /* Models */,
				8C67D44A22D5FD0800FBA3C9 /* Views */,
				8C67D44C22D5FD3400FBA3C9 /* Supporting Files */,
				8C67D44122D5CBC600FBA3C9 /* Info.plist */,
			);
			path = Todoey;
			sourceTree = "<group>";
		};
		8C67D44922D5FD0100FBA3C9 /* Models */ = {
			isa = PBXGroup;
			children = (
				8C67D44722D5FCF400FBA3C9 /* Item.swift */,
				8C67D47122D6135400FBA3C9 /* DataModel.xcdatamodeld */,
				8C67D47622D7C0EB00FBA3C9 /* Data.swift */,
				8C67D47822D882F700FBA3C9 /* RCategory.swift */,
				8C67D47A22D8830400FBA3C9 /* RItem.swift */,
			);
			path = Models;
			sourceTree = "<group>";
		};
		8C67D44A22D5FD0800FBA3C9 /* Views */ = {
			isa = PBXGroup;
			children = (
				8C67D43922D5CBC500FBA3C9 /* Main.storyboard */,
			);
			path = Views;
			sourceTree = "<group>";
		};
		8C67D44B22D5FD1C00FBA3C9 /* Controllers */ = {
			isa = PBXGroup;
			children = (
				8C67D43722D5CBC500FBA3C9 /* ViewController.swift */,
				8C67D47422D7AD4800FBA3C9 /* CategoryViewController.swift */,
				8C67D47C22D8C22800FBA3C9 /* SwipeTableViewController.swift */,
			);
			path = Controllers;
			sourceTree = "<group>";
		};
		8C67D44C22D5FD3400FBA3C9 /* Supporting Files */ = {
			isa = PBXGroup;
			children = (
				8C67D43C22D5CBC600FBA3C9 /* Assets.xcassets */,
				8C67D43E22D5CBC600FBA3C9 /* LaunchScreen.storyboard */,
			);
			path = "Supporting Files";
			sourceTree = "<group>";
		};
		F57C902E844EA3FCFBDBBE07 /* Frameworks */ = {
			isa = PBXGroup;
			children = (
				25BA086C6A5A63DEB1EAAAC6 /* Pods_Todoey.framework */,
			);
			name = Frameworks;
			sourceTree = "<group>";
		};
		FDBDEDDF069005DB6A8CC597 /* Pods */ = {
			isa = PBXGroup;
			children = (
				C6C5741FE5B6497326963CDB /* Pods-Todoey.debug.xcconfig */,
				A355D7DB1AED7AA7D599DC44 /* Pods-Todoey.release.xcconfig */,
			);
			path = Pods;
			sourceTree = "<group>";
		};
/* End PBXGroup section */

/* Begin PBXNativeTarget section */
		8C67D43122D5CBC500FBA3C9 /* Todoey */ = {
			isa = PBXNativeTarget;
			buildConfigurationList = 8C67D44422D5CBC600FBA3C9 /* Build configuration list for PBXNativeTarget "Todoey" */;
			buildPhases = (
				BD8D692FDE2D3A053D2DFD75 /* [CP] Check Pods Manifest.lock */,
				8C67D42E22D5CBC500FBA3C9 /* Sources */,
				8C67D42F22D5CBC500FBA3C9 /* Frameworks */,
				8C67D43022D5CBC500FBA3C9 /* Resources */,
				F8A470EA2BC377274EAB7879 /* [CP] Embed Pods Frameworks */,
			);
			buildRules = (
			);
			dependencies = (
			);
			name = Todoey;
			productName = Todoey;
			productReference = 8C67D43222D5CBC500FBA3C9 /* Todoey.app */;
			productType = "com.apple.product-type.application";
		};
/* End PBXNativeTarget section */

/* Begin PBXProject section */
		8C67D42A22D5CBC500FBA3C9 /* Project object */ = {
			isa = PBXProject;
			attributes = {
				LastSwiftUpdateCheck = 1020;
				LastUpgradeCheck = 1020;
				ORGANIZATIONNAME = " oleg p";
				TargetAttributes = {
					8C67D43122D5CBC500FBA3C9 = {
						CreatedOnToolsVersion = 10.2.1;
					};
				};
			};
			buildConfigurationList = 8C67D42D22D5CBC500FBA3C9 /* Build configuration list for PBXProject "Todoey" */;
			compatibilityVersion = "Xcode 9.3";
			developmentRegion = en;
			hasScannedForEncodings = 0;
			knownRegions = (
				en,
				Base,
			);
			mainGroup = 8C67D42922D5CBC500FBA3C9;
			productRefGroup = 8C67D43322D5CBC500FBA3C9 /* Products */;
			projectDirPath = "";
			projectRoot = "";
			targets = (
				8C67D43122D5CBC500FBA3C9 /* Todoey */,
			);
		};
/* End PBXProject section */

/* Begin PBXResourcesBuildPhase section */
		8C67D43022D5CBC500FBA3C9 /* Resources */ = {
			isa = PBXResourcesBuildPhase;
			buildActionMask = 2147483647;
			files = (
				8C67D44022D5CBC600FBA3C9 /* LaunchScreen.storyboard in Resources */,
				8C67D43D22D5CBC600FBA3C9 /* Assets.xcassets in Resources */,
				8C67D43B22D5CBC500FBA3C9 /* Main.storyboard in Resources */,
			);
			runOnlyForDeploymentPostprocessing = 0;
		};
/* End PBXResourcesBuildPhase section */

/* Begin PBXShellScriptBuildPhase section */
		BD8D692FDE2D3A053D2DFD75 /* [CP] Check Pods Manifest.lock */ = {
			isa = PBXShellScriptBuildPhase;
			buildActionMask = 2147483647;
			files = (
			);
			inputFileListPaths = (
			);
			inputPaths = (
				"${PODS_PODFILE_DIR_PATH}/Podfile.lock",
				"${PODS_ROOT}/Manifest.lock",
			);
			name = "[CP] Check Pods Manifest.lock";
			outputFileListPaths = (
			);
			outputPaths = (
				"$(DERIVED_FILE_DIR)/Pods-Todoey-checkManifestLockResult.txt",
			);
			runOnlyForDeploymentPostprocessing = 0;
			shellPath = /bin/sh;
			shellScript = "diff \"${PODS_PODFILE_DIR_PATH}/Podfile.lock\" \"${PODS_ROOT}/Manifest.lock\" > /dev/null\nif [ $? != 0 ] ; then\n    # print error to STDERR\n    echo \"error: The sandbox is not in sync with the Podfile.lock. Run 'pod install' or update your CocoaPods installation.\" >&2\n    exit 1\nfi\n# This output is used by Xcode 'outputs' to avoid re-running this script phase.\necho \"SUCCESS\" > \"${SCRIPT_OUTPUT_FILE_0}\"\n";
			showEnvVarsInLog = 0;
		};
		F8A470EA2BC377274EAB7879 /* [CP] Embed Pods Frameworks */ = {
			isa = PBXShellScriptBuildPhase;
			buildActionMask = 2147483647;
			files = (
			);
			inputFileListPaths = (
				"${PODS_ROOT}/Target Support Files/Pods-Todoey/Pods-Todoey-frameworks-${CONFIGURATION}-input-files.xcfilelist",
			);
			name = "[CP] Embed Pods Frameworks";
			outputFileListPaths = (
				"${PODS_ROOT}/Target Support Files/Pods-Todoey/Pods-Todoey-frameworks-${CONFIGURATION}-output-files.xcfilelist",
			);
			runOnlyForDeploymentPostprocessing = 0;
			shellPath = /bin/sh;
			shellScript = "\"${PODS_ROOT}/Target Support Files/Pods-Todoey/Pods-Todoey-frameworks.sh\"\n";
			showEnvVarsInLog = 0;
		};
/* End PBXShellScriptBuildPhase section */

/* Begin PBXSourcesBuildPhase section */
		8C67D42E22D5CBC500FBA3C9 /* Sources */ = {
			isa = PBXSourcesBuildPhase;
			buildActionMask = 2147483647;
			files = (
				8C67D47522D7AD4800FBA3C9 /* CategoryViewController.swift in Sources */,
				8C67D47722D7C0EB00FBA3C9 /* Data.swift in Sources */,
				8C67D43822D5CBC500FBA3C9 /* ViewController.swift in Sources */,
				8C67D47922D882F700FBA3C9 /* RCategory.swift in Sources */,
				8C67D47D22D8C22800FBA3C9 /* SwipeTableViewController.swift in Sources */,
				8C67D47322D6135400FBA3C9 /* DataModel.xcdatamodeld in Sources */,
				8C67D44822D5FCF400FBA3C9 /* Item.swift in Sources */,
				8C67D43622D5CBC500FBA3C9 /* AppDelegate.swift in Sources */,
				8C67D47B22D8830400FBA3C9 /* RItem.swift in Sources */,
			);
			runOnlyForDeploymentPostprocessing = 0;
		};
/* End PBXSourcesBuildPhase section */

/* Begin PBXVariantGroup section */
		8C67D43922D5CBC500FBA3C9 /* Main.storyboard */ = {
			isa = PBXVariantGroup;
			children = (
				8C67D43A22D5CBC500FBA3C9 /* Base */,
			);
			name = Main.storyboard;
			sourceTree = "<group>";
		};
		8C67D43E22D5CBC600FBA3C9 /* LaunchScreen.storyboard */ = {
			isa = PBXVariantGroup;
			children = (
				8C67D43F22D5CBC600FBA3C9 /* Base */,
			);
			name = LaunchScreen.storyboard;
			sourceTree = "<group>";
		};
/* End PBXVariantGroup section */

/* Begin XCBuildConfiguration section */
		8C67D44222D5CBC600FBA3C9 /* Debug */ = {
			isa = XCBuildConfiguration;
			buildSettings = {
				ALWAYS_SEARCH_USER_PATHS = NO;
				CLANG_ANALYZER_NONNULL = YES;
				CLANG_ANALYZER_NUMBER_OBJECT_CONVERSION = YES_AGGRESSIVE;
				CLANG_CXX_LANGUAGE_STANDARD = "gnu++14";
				CLANG_CXX_LIBRARY = "libc++";
				CLANG_ENABLE_MODULES = YES;
				CLANG_ENABLE_OBJC_ARC = YES;
				CLANG_ENABLE_OBJC_WEAK = YES;
				CLANG_WARN_BLOCK_CAPTURE_AUTORELEASING = YES;
				CLANG_WARN_BOOL_CONVERSION = YES;
				CLANG_WARN_COMMA = YES;
				CLANG_WARN_CONSTANT_CONVERSION = YES;
				CLANG_WARN_DEPRECATED_OBJC_IMPLEMENTATIONS = YES;
				CLANG_WARN_DIRECT_OBJC_ISA_USAGE = YES_ERROR;
				CLANG_WARN_DOCUMENTATION_COMMENTS = YES;
				CLANG_WARN_EMPTY_BODY = YES;
				CLANG_WARN_ENUM_CONVERSION = YES;
				CLANG_WARN_INFINITE_RECURSION = YES;
				CLANG_WARN_INT_CONVERSION = YES;
				CLANG_WARN_NON_LITERAL_NULL_CONVERSION = YES;
				CLANG_WARN_OBJC_IMPLICIT_RETAIN_SELF = YES;
				CLANG_WARN_OBJC_LITERAL_CONVERSION = YES;
				CLANG_WARN_OBJC_ROOT_CLASS = YES_ERROR;
				CLANG_WARN_RANGE_LOOP_ANALYSIS = YES;
				CLANG_WARN_STRICT_PROTOTYPES = YES;
				CLANG_WARN_SUSPICIOUS_MOVE = YES;
				CLANG_WARN_UNGUARDED_AVAILABILITY = YES_AGGRESSIVE;
				CLANG_WARN_UNREACHABLE_CODE = YES;
				CLANG_WARN__DUPLICATE_METHOD_MATCH = YES;
				CODE_SIGN_IDENTITY = "iPhone Developer";
				COPY_PHASE_STRIP = NO;
				DEBUG_INFORMATION_FORMAT = dwarf;
				ENABLE_STRICT_OBJC_MSGSEND = YES;
				ENABLE_TESTABILITY = YES;
				GCC_C_LANGUAGE_STANDARD = gnu11;
				GCC_DYNAMIC_NO_PIC = NO;
				GCC_NO_COMMON_BLOCKS = YES;
				GCC_OPTIMIZATION_LEVEL = 0;
				GCC_PREPROCESSOR_DEFINITIONS = (
					"DEBUG=1",
					"$(inherited)",
				);
				GCC_WARN_64_TO_32_BIT_CONVERSION = YES;
				GCC_WARN_ABOUT_RETURN_TYPE = YES_ERROR;
				GCC_WARN_UNDECLARED_SELECTOR = YES;
				GCC_WARN_UNINITIALIZED_AUTOS = YES_AGGRESSIVE;
				GCC_WARN_UNUSED_FUNCTION = YES;
				GCC_WARN_UNUSED_VARIABLE = YES;
				IPHONEOS_DEPLOYMENT_TARGET = 12.2;
				MTL_ENABLE_DEBUG_INFO = INCLUDE_SOURCE;
				MTL_FAST_MATH = YES;
				ONLY_ACTIVE_ARCH = YES;
				SDKROOT = iphoneos;
				SWIFT_ACTIVE_COMPILATION_CONDITIONS = DEBUG;
				SWIFT_OPTIMIZATION_LEVEL = "-Onone";
			};
			name = Debug;
		};
		8C67D44322D5CBC600FBA3C9 /* Release */ = {
			isa = XCBuildConfiguration;
			buildSettings = {
				ALWAYS_SEARCH_USER_PATHS = NO;
				CLANG_ANALYZER_NONNULL = YES;
				CLANG_ANALYZER_NUMBER_OBJECT_CONVERSION = YES_AGGRESSIVE;
				CLANG_CXX_LANGUAGE_STANDARD = "gnu++14";
				CLANG_CXX_LIBRARY = "libc++";
				CLANG_ENABLE_MODULES = YES;
				CLANG_ENABLE_OBJC_ARC = YES;
				CLANG_ENABLE_OBJC_WEAK = YES;
				CLANG_WARN_BLOCK_CAPTURE_AUTORELEASING = YES;
				CLANG_WARN_BOOL_CONVERSION = YES;
				CLANG_WARN_COMMA = YES;
				CLANG_WARN_CONSTANT_CONVERSION = YES;
				CLANG_WARN_DEPRECATED_OBJC_IMPLEMENTATIONS = YES;
				CLANG_WARN_DIRECT_OBJC_ISA_USAGE = YES_ERROR;
				CLANG_WARN_DOCUMENTATION_COMMENTS = YES;
				CLANG_WARN_EMPTY_BODY = YES;
				CLANG_WARN_ENUM_CONVERSION = YES;
				CLANG_WARN_INFINITE_RECURSION = YES;
				CLANG_WARN_INT_CONVERSION = YES;
				CLANG_WARN_NON_LITERAL_NULL_CONVERSION = YES;
				CLANG_WARN_OBJC_IMPLICIT_RETAIN_SELF = YES;
				CLANG_WARN_OBJC_LITERAL_CONVERSION = YES;
				CLANG_WARN_OBJC_ROOT_CLASS = YES_ERROR;
				CLANG_WARN_RANGE_LOOP_ANALYSIS = YES;
				CLANG_WARN_STRICT_PROTOTYPES = YES;
				CLANG_WARN_SUSPICIOUS_MOVE = YES;
				CLANG_WARN_UNGUARDED_AVAILABILITY = YES_AGGRESSIVE;
				CLANG_WARN_UNREACHABLE_CODE = YES;
				CLANG_WARN__DUPLICATE_METHOD_MATCH = YES;
				CODE_SIGN_IDENTITY = "iPhone Developer";
				COPY_PHASE_STRIP = NO;
				DEBUG_INFORMATION_FORMAT = "dwarf-with-dsym";
				ENABLE_NS_ASSERTIONS = NO;
				ENABLE_STRICT_OBJC_MSGSEND = YES;
				GCC_C_LANGUAGE_STANDARD = gnu11;
				GCC_NO_COMMON_BLOCKS = YES;
				GCC_WARN_64_TO_32_BIT_CONVERSION = YES;
				GCC_WARN_ABOUT_RETURN_TYPE = YES_ERROR;
				GCC_WARN_UNDECLARED_SELECTOR = YES;
				GCC_WARN_UNINITIALIZED_AUTOS = YES_AGGRESSIVE;
				GCC_WARN_UNUSED_FUNCTION = YES;
				GCC_WARN_UNUSED_VARIABLE = YES;
				IPHONEOS_DEPLOYMENT_TARGET = 12.2;
				MTL_ENABLE_DEBUG_INFO = NO;
				MTL_FAST_MATH = YES;
				SDKROOT = iphoneos;
				SWIFT_COMPILATION_MODE = wholemodule;
				SWIFT_OPTIMIZATION_LEVEL = "-O";
				VALIDATE_PRODUCT = YES;
			};
			name = Release;
		};
		8C67D44522D5CBC600FBA3C9 /* Debug */ = {
			isa = XCBuildConfiguration;
			baseConfigurationReference = C6C5741FE5B6497326963CDB /* Pods-Todoey.debug.xcconfig */;
			buildSettings = {
				ASSETCATALOG_COMPILER_APPICON_NAME = AppIcon;
				CODE_SIGN_STYLE = Automatic;
				DEVELOPMENT_TEAM = 7SWY55QX84;
				INFOPLIST_FILE = Todoey/Info.plist;
				LD_RUNPATH_SEARCH_PATHS = (
					"$(inherited)",
					"@executable_path/Frameworks",
				);
				PRODUCT_BUNDLE_IDENTIFIER = com.ciwic.Todoey;
				PRODUCT_NAME = "$(TARGET_NAME)";
				SWIFT_VERSION = 5.0;
				TARGETED_DEVICE_FAMILY = "1,2";
			};
			name = Debug;
		};
		8C67D44622D5CBC600FBA3C9 /* Release */ = {
			isa = XCBuildConfiguration;
			baseConfigurationReference = A355D7DB1AED7AA7D599DC44 /* Pods-Todoey.release.xcconfig */;
			buildSettings = {
				ASSETCATALOG_COMPILER_APPICON_NAME = AppIcon;
				CODE_SIGN_STYLE = Automatic;
				DEVELOPMENT_TEAM = 7SWY55QX84;
				INFOPLIST_FILE = Todoey/Info.plist;
				LD_RUNPATH_SEARCH_PATHS = (
					"$(inherited)",
					"@executable_path/Frameworks",
				);
				PRODUCT_BUNDLE_IDENTIFIER = com.ciwic.Todoey;
				PRODUCT_NAME = "$(TARGET_NAME)";
				SWIFT_VERSION = 5.0;
				TARGETED_DEVICE_FAMILY = "1,2";
			};
			name = Release;
		};
/* End XCBuildConfiguration section */

/* Begin XCConfigurationList section */
		8C67D42D22D5CBC500FBA3C9 /* Build configuration list for PBXProject "Todoey" */ = {
			isa = XCConfigurationList;
			buildConfigurations = (
				8C67D44222D5CBC600FBA3C9 /* Debug */,
				8C67D44322D5CBC600FBA3C9 /* Release */,
			);
			defaultConfigurationIsVisible = 0;
			defaultConfigurationName = Release;
		};
		8C67D44422D5CBC600FBA3C9 /* Build configuration list for PBXNativeTarget "Todoey" */ = {
			isa = XCConfigurationList;
			buildConfigurations = (
				8C67D44522D5CBC600FBA3C9 /* Debug */,
				8C67D44622D5CBC600FBA3C9 /* Release */,
			);
			defaultConfigurationIsVisible = 0;
			defaultConfigurationName = Release;
		};
/* End XCConfigurationList section */

/* Begin XCVersionGroup section */
		8C67D47122D6135400FBA3C9 /* DataModel.xcdatamodeld */ = {
			isa = XCVersionGroup;
			children = (
				8C67D47222D6135400FBA3C9 /* DataModel.xcdatamodel */,
			);
			currentVersion = 8C67D47222D6135400FBA3C9 /* DataModel.xcdatamodel */;
			path = DataModel.xcdatamodeld;
			sourceTree = "<group>";
			versionGroupType = wrapper.xcdatamodel;
		};
/* End XCVersionGroup section */
	};
	rootObject = 8C67D42A22D5CBC500FBA3C9 /* Project object */;
}
